
Microsoft Visual Studio Solution File, Format Version 12.00
# Visual Studio Version 17
VisualStudioVersion = 17.4.33122.133
MinimumVisualStudioVersion = 10.0.40219.1
Project("{9A19103F-16F7-4668-BE54-9A1E7A4F7556}") = "SettlementPolling", "McLeodPolling\SettlementPolling.csproj", "{9C5C65AF-DA2C-4178-82FD-CDA4B73ECF3B}"
EndProject
Project("{9A19103F-16F7-4668-BE54-9A1E7A4F7556}") = "SettlementEvaluator", "SettlementCalculator\SettlementEvaluator.csproj", "{A9D64C8C-906C-4D19-9EB0-054B1B6943DE}"
EndProject
Project("{9A19103F-16F7-4668-BE54-9A1E7A4F7556}") = "RecurringDeductionsReceiver", "RecurringDeductionsReceiver\RecurringDeductionsReceiver.csproj", "{AE170B5E-B804-4F1B-9CB0-59EFCAB7128F}"
EndProject
Global
	GlobalSection(SolutionConfigurationPlatforms) = preSolution
		Debug|Any CPU = Debug|Any CPU
		Release|Any CPU = Release|Any CPU
	EndGlobalSection
	GlobalSection(ProjectConfigurationPlatforms) = postSolution
		{9C5C65AF-DA2C-4178-82FD-CDA4B73ECF3B}.Debug|Any CPU.ActiveCfg = Debug|Any CPU
		{9C5C65AF-DA2C-4178-82FD-CDA4B73ECF3B}.Debug|Any CPU.Build.0 = Debug|Any CPU
		{9C5C65AF-DA2C-4178-82FD-CDA4B73ECF3B}.Release|Any CPU.ActiveCfg = Release|Any CPU
		{9C5C65AF-DA2C-4178-82FD-CDA4B73ECF3B}.Release|Any CPU.Build.0 = Release|Any CPU
		{A9D64C8C-906C-4D19-9EB0-054B1B6943DE}.Debug|Any CPU.ActiveCfg = Debug|Any CPU
		{A9D64C8C-906C-4D19-9EB0-054B1B6943DE}.Debug|Any CPU.Build.0 = Debug|Any CPU
		{A9D64C8C-906C-4D19-9EB0-054B1B6943DE}.Release|Any CPU.ActiveCfg = Release|Any CPU
		{A9D64C8C-906C-4D19-9EB0-054B1B6943DE}.Release|Any CPU.Build.0 = Release|Any CPU
		{AE170B5E-B804-4F1B-9CB0-59EFCAB7128F}.Debug|Any CPU.ActiveCfg = Debug|Any CPU
		{AE170B5E-B804-4F1B-9CB0-59EFCAB7128F}.Debug|Any CPU.Build.0 = Debug|Any CPU
		{AE170B5E-B804-4F1B-9CB0-59EFCAB7128F}.Release|Any CPU.ActiveCfg = Release|Any CPU
		{AE170B5E-B804-4F1B-9CB0-59EFCAB7128F}.Release|Any CPU.Build.0 = Release|Any CPU
	EndGlobalSection
	GlobalSection(SolutionProperties) = preSolution
		HideSolutionNode = FALSE
	EndGlobalSection
	GlobalSection(ExtensibilityGlobals) = postSolution
		SolutionGuid = {92F327DB-1B68-49BC-B7DB-9489ADD0DC69}
	EndGlobalSection
EndGlobal
